// !$*UTF8*$!
{
	archiveVersion = 1;
	classes = {
	};
	objectVersion = 56;
	objects = {

/* Begin PBXBuildFile section */
		9100D30F2A02152200874CA5 /* Lottie in Frameworks */ = {isa = PBXBuildFile; productRef = 9100D30E2A02152200874CA5 /* Lottie */; };
		9108E5342A08F57B0024B80D /* ContentViewModel.swift in Sources */ = {isa = PBXBuildFile; fileRef = 9108E5332A08F57B0024B80D /* ContentViewModel.swift */; };
		9108E5362A08F8500024B80D /* MainView.swift in Sources */ = {isa = PBXBuildFile; fileRef = 9108E5352A08F8500024B80D /* MainView.swift */; };
		9108E5392A08FDCE0024B80D /* FirebaseFirestore in Frameworks */ = {isa = PBXBuildFile; productRef = 9108E5382A08FDCE0024B80D /* FirebaseFirestore */; };
		9142730D2A11664900103F93 /* ProfileView.swift in Sources */ = {isa = PBXBuildFile; fileRef = 9142730C2A11664900103F93 /* ProfileView.swift */; };
		9151F15129FE937400C46150 /* SignUpView.swift in Sources */ = {isa = PBXBuildFile; fileRef = 9151F15029FE937400C46150 /* SignUpView.swift */; };
		9151F15329FE938500C46150 /* ForgotPasswordView.swift in Sources */ = {isa = PBXBuildFile; fileRef = 9151F15229FE938500C46150 /* ForgotPasswordView.swift */; };
		9151F15629FE9C8700C46150 /* View.swift in Sources */ = {isa = PBXBuildFile; fileRef = 9151F15529FE9C8700C46150 /* View.swift */; };
		916A96792A0575F500187BF5 /* AuthViewModel.swift in Sources */ = {isa = PBXBuildFile; fileRef = 916A96782A0575F500187BF5 /* AuthViewModel.swift */; };
		916A967B2A057BA700187BF5 /* DynamicLinearGradient.swift in Sources */ = {isa = PBXBuildFile; fileRef = 916A967A2A057BA700187BF5 /* DynamicLinearGradient.swift */; };
		918A5A2329FE4D9E00937FE8 /* BookBenchApp.swift in Sources */ = {isa = PBXBuildFile; fileRef = 918A5A2229FE4D9E00937FE8 /* BookBenchApp.swift */; };
		918A5A2529FE4D9E00937FE8 /* ContentView.swift in Sources */ = {isa = PBXBuildFile; fileRef = 918A5A2429FE4D9E00937FE8 /* ContentView.swift */; };
		918A5A2729FE4DA000937FE8 /* Assets.xcassets in Resources */ = {isa = PBXBuildFile; fileRef = 918A5A2629FE4DA000937FE8 /* Assets.xcassets */; };
		918A5A3929FE50CC00937FE8 /* BookBenchAnimation.json in Resources */ = {isa = PBXBuildFile; fileRef = 918A5A3829FE50CC00937FE8 /* BookBenchAnimation.json */; };
		918A5A3B29FE517E00937FE8 /* LottieView.swift in Sources */ = {isa = PBXBuildFile; fileRef = 918A5A3A29FE517E00937FE8 /* LottieView.swift */; };
		918A5A3D29FE595000937FE8 /* LaunchScreenView.swift in Sources */ = {isa = PBXBuildFile; fileRef = 918A5A3C29FE595000937FE8 /* LaunchScreenView.swift */; };
		918A5A3F29FE76CB00937FE8 /* LogInView.swift in Sources */ = {isa = PBXBuildFile; fileRef = 918A5A3E29FE76CB00937FE8 /* LogInView.swift */; };
		918A5A4129FE785A00937FE8 /* GradientIcon.swift in Sources */ = {isa = PBXBuildFile; fileRef = 918A5A4029FE785A00937FE8 /* GradientIcon.swift */; };
		918A5A4329FE915700937FE8 /* AuthView.swift in Sources */ = {isa = PBXBuildFile; fileRef = 918A5A4229FE915700937FE8 /* AuthView.swift */; };
		919ADF1F2A02086B00B50182 /* FirebaseAuth in Frameworks */ = {isa = PBXBuildFile; productRef = 919ADF1E2A02086B00B50182 /* FirebaseAuth */; };
		919C3ADE2A13C444008172E0 /* AuthModel.swift in Sources */ = {isa = PBXBuildFile; fileRef = 919C3ADD2A13C444008172E0 /* AuthModel.swift */; };
		919F79312A13981400189556 /* GoogleService-Info.plist in Resources */ = {isa = PBXBuildFile; fileRef = 919F79302A13981400189556 /* GoogleService-Info.plist */; };
		91AFB9E72A04D85A00927C37 /* RevealableSecureField.swift in Sources */ = {isa = PBXBuildFile; fileRef = 91AFB9E62A04D85A00927C37 /* RevealableSecureField.swift */; };
/* End PBXBuildFile section */

/* Begin PBXFileReference section */
		9108E5332A08F57B0024B80D /* ContentViewModel.swift */ = {isa = PBXFileReference; lastKnownFileType = sourcecode.swift; path = ContentViewModel.swift; sourceTree = "<group>"; };
		9108E5352A08F8500024B80D /* MainView.swift */ = {isa = PBXFileReference; lastKnownFileType = sourcecode.swift; path = MainView.swift; sourceTree = "<group>"; };
		9142730C2A11664900103F93 /* ProfileView.swift */ = {isa = PBXFileReference; lastKnownFileType = sourcecode.swift; path = ProfileView.swift; sourceTree = "<group>"; };
		9151F15029FE937400C46150 /* SignUpView.swift */ = {isa = PBXFileReference; lastKnownFileType = sourcecode.swift; path = SignUpView.swift; sourceTree = "<group>"; };
		9151F15229FE938500C46150 /* ForgotPasswordView.swift */ = {isa = PBXFileReference; lastKnownFileType = sourcecode.swift; path = ForgotPasswordView.swift; sourceTree = "<group>"; };
		9151F15529FE9C8700C46150 /* View.swift */ = {isa = PBXFileReference; lastKnownFileType = sourcecode.swift; path = View.swift; sourceTree = "<group>"; };
		916A96782A0575F500187BF5 /* AuthViewModel.swift */ = {isa = PBXFileReference; lastKnownFileType = sourcecode.swift; path = AuthViewModel.swift; sourceTree = "<group>"; };
		916A967A2A057BA700187BF5 /* DynamicLinearGradient.swift */ = {isa = PBXFileReference; lastKnownFileType = sourcecode.swift; path = DynamicLinearGradient.swift; sourceTree = "<group>"; };
		918A5A1F29FE4D9E00937FE8 /* BookBench.app */ = {isa = PBXFileReference; explicitFileType = wrapper.application; includeInIndex = 0; path = BookBench.app; sourceTree = BUILT_PRODUCTS_DIR; };
		918A5A2229FE4D9E00937FE8 /* BookBenchApp.swift */ = {isa = PBXFileReference; lastKnownFileType = sourcecode.swift; path = BookBenchApp.swift; sourceTree = "<group>"; };
		918A5A2429FE4D9E00937FE8 /* ContentView.swift */ = {isa = PBXFileReference; lastKnownFileType = sourcecode.swift; path = ContentView.swift; sourceTree = "<group>"; };
		918A5A2629FE4DA000937FE8 /* Assets.xcassets */ = {isa = PBXFileReference; lastKnownFileType = folder.assetcatalog; path = Assets.xcassets; sourceTree = "<group>"; };
		918A5A3829FE50CC00937FE8 /* BookBenchAnimation.json */ = {isa = PBXFileReference; fileEncoding = 4; lastKnownFileType = text.json; path = BookBenchAnimation.json; sourceTree = "<group>"; };
		918A5A3A29FE517E00937FE8 /* LottieView.swift */ = {isa = PBXFileReference; lastKnownFileType = sourcecode.swift; path = LottieView.swift; sourceTree = "<group>"; };
		918A5A3C29FE595000937FE8 /* LaunchScreenView.swift */ = {isa = PBXFileReference; lastKnownFileType = sourcecode.swift; path = LaunchScreenView.swift; sourceTree = "<group>"; };
		918A5A3E29FE76CB00937FE8 /* LogInView.swift */ = {isa = PBXFileReference; lastKnownFileType = sourcecode.swift; path = LogInView.swift; sourceTree = "<group>"; };
		918A5A4029FE785A00937FE8 /* GradientIcon.swift */ = {isa = PBXFileReference; lastKnownFileType = sourcecode.swift; path = GradientIcon.swift; sourceTree = "<group>"; };
		918A5A4229FE915700937FE8 /* AuthView.swift */ = {isa = PBXFileReference; lastKnownFileType = sourcecode.swift; path = AuthView.swift; sourceTree = "<group>"; };
		919C3ADD2A13C444008172E0 /* AuthModel.swift */ = {isa = PBXFileReference; fileEncoding = 4; lastKnownFileType = sourcecode.swift; path = AuthModel.swift; sourceTree = "<group>"; };
		919F79302A13981400189556 /* GoogleService-Info.plist */ = {isa = PBXFileReference; fileEncoding = 4; lastKnownFileType = text.plist.xml; path = "GoogleService-Info.plist"; sourceTree = "<group>"; };
		91AFB9E62A04D85A00927C37 /* RevealableSecureField.swift */ = {isa = PBXFileReference; lastKnownFileType = sourcecode.swift; path = RevealableSecureField.swift; sourceTree = "<group>"; };
/* End PBXFileReference section */

/* Begin PBXFrameworksBuildPhase section */
		918A5A1C29FE4D9E00937FE8 /* Frameworks */ = {
			isa = PBXFrameworksBuildPhase;
			buildActionMask = 2147483647;
			files = (
				919ADF1F2A02086B00B50182 /* FirebaseAuth in Frameworks */,
				9108E5392A08FDCE0024B80D /* FirebaseFirestore in Frameworks */,
				9100D30F2A02152200874CA5 /* Lottie in Frameworks */,
			);
			runOnlyForDeploymentPostprocessing = 0;
		};
/* End PBXFrameworksBuildPhase section */

/* Begin PBXGroup section */
		9108E5372A08FDCD0024B80D /* Frameworks */ = {
			isa = PBXGroup;
			children = (
			);
			name = Frameworks;
			sourceTree = "<group>";
		};
		916A966E2A0501AF00187BF5 /* App */ = {
			isa = PBXGroup;
			children = (
				918A5A2229FE4D9E00937FE8 /* BookBenchApp.swift */,
				919F79302A13981400189556 /* GoogleService-Info.plist */,
				918A5A2629FE4DA000937FE8 /* Assets.xcassets */,
			);
			path = App;
			sourceTree = "<group>";
		};
		916A966F2A0501B700187BF5 /* Utils */ = {
			isa = PBXGroup;
			children = (
				918A5A3029FE4DFA00937FE8 /* Lottie */,
				916A96762A05037600187BF5 /* Extensions */,
				916A967A2A057BA700187BF5 /* DynamicLinearGradient.swift */,
				91AFB9E62A04D85A00927C37 /* RevealableSecureField.swift */,
				918A5A4029FE785A00937FE8 /* GradientIcon.swift */,
				918A5A3A29FE517E00937FE8 /* LottieView.swift */,
			);
			path = Utils;
			sourceTree = "<group>";
		};
		916A96712A0501CA00187BF5 /* ViewModels */ = {
			isa = PBXGroup;
			children = (
				916A96782A0575F500187BF5 /* AuthViewModel.swift */,
				9108E5332A08F57B0024B80D /* ContentViewModel.swift */,
			);
			path = ViewModels;
			sourceTree = "<group>";
		};
		916A96732A05020800187BF5 /* Views */ = {
			isa = PBXGroup;
			children = (
				918A5A3C29FE595000937FE8 /* LaunchScreenView.swift */,
				918A5A2429FE4D9E00937FE8 /* ContentView.swift */,
				9108E5352A08F8500024B80D /* MainView.swift */,
				9142730C2A11664900103F93 /* ProfileView.swift */,
				916A96752A05022100187BF5 /* Authentication */,
			);
			path = Views;
			sourceTree = "<group>";
		};
		916A96752A05022100187BF5 /* Authentication */ = {
			isa = PBXGroup;
			children = (
				918A5A4229FE915700937FE8 /* AuthView.swift */,
				916A96772A05061C00187BF5 /* AuthPages */,
			);
			path = Authentication;
			sourceTree = "<group>";
		};
		916A96762A05037600187BF5 /* Extensions */ = {
			isa = PBXGroup;
			children = (
				9151F15529FE9C8700C46150 /* View.swift */,
			);
			path = Extensions;
			sourceTree = "<group>";
		};
		916A96772A05061C00187BF5 /* AuthPages */ = {
			isa = PBXGroup;
			children = (
				9151F15029FE937400C46150 /* SignUpView.swift */,
				918A5A3E29FE76CB00937FE8 /* LogInView.swift */,
				9151F15229FE938500C46150 /* ForgotPasswordView.swift */,
			);
			path = AuthPages;
			sourceTree = "<group>";
		};
		918A5A1629FE4D9E00937FE8 = {
			isa = PBXGroup;
			children = (
				918A5A2129FE4D9E00937FE8 /* BookBench */,
				918A5A2029FE4D9E00937FE8 /* Products */,
				9108E5372A08FDCD0024B80D /* Frameworks */,
			);
			sourceTree = "<group>";
		};
		918A5A2029FE4D9E00937FE8 /* Products */ = {
			isa = PBXGroup;
			children = (
				918A5A1F29FE4D9E00937FE8 /* BookBench.app */,
			);
			name = Products;
			sourceTree = "<group>";
		};
		918A5A2129FE4D9E00937FE8 /* BookBench */ = {
			isa = PBXGroup;
			children = (
				916A966E2A0501AF00187BF5 /* App */,
				91A2FE722A13BB57004AF953 /* Models */,
				916A96732A05020800187BF5 /* Views */,
				916A96712A0501CA00187BF5 /* ViewModels */,
				916A966F2A0501B700187BF5 /* Utils */,
			);
			path = BookBench;
			sourceTree = "<group>";
		};
		918A5A3029FE4DFA00937FE8 /* Lottie */ = {
			isa = PBXGroup;
			children = (
				918A5A3829FE50CC00937FE8 /* BookBenchAnimation.json */,
			);
			path = Lottie;
			sourceTree = "<group>";
		};
		91A2FE722A13BB57004AF953 /* Models */ = {
			isa = PBXGroup;
			children = (
				919C3ADD2A13C444008172E0 /* AuthModel.swift */,
			);
			path = Models;
			sourceTree = "<group>";
		};
/* End PBXGroup section */

/* Begin PBXNativeTarget section */
		918A5A1E29FE4D9E00937FE8 /* BookBench */ = {
			isa = PBXNativeTarget;
			buildConfigurationList = 918A5A2D29FE4DA000937FE8 /* Build configuration list for PBXNativeTarget "BookBench" */;
			buildPhases = (
				918A5A1B29FE4D9E00937FE8 /* Sources */,
				918A5A1C29FE4D9E00937FE8 /* Frameworks */,
				918A5A1D29FE4D9E00937FE8 /* Resources */,
			);
			buildRules = (
			);
			dependencies = (
			);
			name = BookBench;
			packageProductDependencies = (
				919ADF1E2A02086B00B50182 /* FirebaseAuth */,
				9100D30E2A02152200874CA5 /* Lottie */,
				9108E5382A08FDCE0024B80D /* FirebaseFirestore */,
			);
			productName = BookBench;
			productReference = 918A5A1F29FE4D9E00937FE8 /* BookBench.app */;
			productType = "com.apple.product-type.application";
		};
/* End PBXNativeTarget section */

/* Begin PBXProject section */
		918A5A1729FE4D9E00937FE8 /* Project object */ = {
			isa = PBXProject;
			attributes = {
				BuildIndependentTargetsInParallel = 1;
				LastSwiftUpdateCheck = 1430;
				LastUpgradeCheck = 1430;
				TargetAttributes = {
					918A5A1E29FE4D9E00937FE8 = {
						CreatedOnToolsVersion = 14.3;
					};
				};
			};
			buildConfigurationList = 918A5A1A29FE4D9E00937FE8 /* Build configuration list for PBXProject "BookBench" */;
			compatibilityVersion = "Xcode 14.0";
			developmentRegion = en;
			hasScannedForEncodings = 0;
			knownRegions = (
				en,
				Base,
			);
			mainGroup = 918A5A1629FE4D9E00937FE8;
			packageReferences = (
				919ADF1D2A02086B00B50182 /* XCRemoteSwiftPackageReference "firebase-ios-sdk" */,
				9100D30D2A02152200874CA5 /* XCRemoteSwiftPackageReference "lottie-ios" */,
			);
			productRefGroup = 918A5A2029FE4D9E00937FE8 /* Products */;
			projectDirPath = "";
			projectRoot = "";
			targets = (
				918A5A1E29FE4D9E00937FE8 /* BookBench */,
			);
		};
/* End PBXProject section */

/* Begin PBXResourcesBuildPhase section */
		918A5A1D29FE4D9E00937FE8 /* Resources */ = {
			isa = PBXResourcesBuildPhase;
			buildActionMask = 2147483647;
			files = (
				918A5A3929FE50CC00937FE8 /* BookBenchAnimation.json in Resources */,
				918A5A2729FE4DA000937FE8 /* Assets.xcassets in Resources */,
				919F79312A13981400189556 /* GoogleService-Info.plist in Resources */,
			);
			runOnlyForDeploymentPostprocessing = 0;
		};
/* End PBXResourcesBuildPhase section */

/* Begin PBXSourcesBuildPhase section */
		918A5A1B29FE4D9E00937FE8 /* Sources */ = {
			isa = PBXSourcesBuildPhase;
			buildActionMask = 2147483647;
			files = (
				916A96792A0575F500187BF5 /* AuthViewModel.swift in Sources */,
				91AFB9E72A04D85A00927C37 /* RevealableSecureField.swift in Sources */,
				9151F15129FE937400C46150 /* SignUpView.swift in Sources */,
				918A5A4129FE785A00937FE8 /* GradientIcon.swift in Sources */,
				918A5A2529FE4D9E00937FE8 /* ContentView.swift in Sources */,
				918A5A2329FE4D9E00937FE8 /* BookBenchApp.swift in Sources */,
				918A5A4329FE915700937FE8 /* AuthView.swift in Sources */,
				918A5A3B29FE517E00937FE8 /* LottieView.swift in Sources */,
				9142730D2A11664900103F93 /* ProfileView.swift in Sources */,
				918A5A3D29FE595000937FE8 /* LaunchScreenView.swift in Sources */,
				919C3ADE2A13C444008172E0 /* AuthModel.swift in Sources */,
				9151F15329FE938500C46150 /* ForgotPasswordView.swift in Sources */,
				9108E5342A08F57B0024B80D /* ContentViewModel.swift in Sources */,
				916A967B2A057BA700187BF5 /* DynamicLinearGradient.swift in Sources */,
				9151F15629FE9C8700C46150 /* View.swift in Sources */,
				9108E5362A08F8500024B80D /* MainView.swift in Sources */,
				918A5A3F29FE76CB00937FE8 /* LogInView.swift in Sources */,
			);
			runOnlyForDeploymentPostprocessing = 0;
		};
/* End PBXSourcesBuildPhase section */

/* Begin XCBuildConfiguration section */
		918A5A2B29FE4DA000937FE8 /* Debug */ = {
			isa = XCBuildConfiguration;
			buildSettings = {
				ALWAYS_SEARCH_USER_PATHS = NO;
				CLANG_ANALYZER_NONNULL = YES;
				CLANG_ANALYZER_NUMBER_OBJECT_CONVERSION = YES_AGGRESSIVE;
				CLANG_CXX_LANGUAGE_STANDARD = "gnu++20";
				CLANG_ENABLE_MODULES = YES;
				CLANG_ENABLE_OBJC_ARC = YES;
				CLANG_ENABLE_OBJC_WEAK = YES;
				CLANG_WARN_BLOCK_CAPTURE_AUTORELEASING = YES;
				CLANG_WARN_BOOL_CONVERSION = YES;
				CLANG_WARN_COMMA = YES;
				CLANG_WARN_CONSTANT_CONVERSION = YES;
				CLANG_WARN_DEPRECATED_OBJC_IMPLEMENTATIONS = YES;
				CLANG_WARN_DIRECT_OBJC_ISA_USAGE = YES_ERROR;
				CLANG_WARN_DOCUMENTATION_COMMENTS = YES;
				CLANG_WARN_EMPTY_BODY = YES;
				CLANG_WARN_ENUM_CONVERSION = YES;
				CLANG_WARN_INFINITE_RECURSION = YES;
				CLANG_WARN_INT_CONVERSION = YES;
				CLANG_WARN_NON_LITERAL_NULL_CONVERSION = YES;
				CLANG_WARN_OBJC_IMPLICIT_RETAIN_SELF = YES;
				CLANG_WARN_OBJC_LITERAL_CONVERSION = YES;
				CLANG_WARN_OBJC_ROOT_CLASS = YES_ERROR;
				CLANG_WARN_QUOTED_INCLUDE_IN_FRAMEWORK_HEADER = YES;
				CLANG_WARN_RANGE_LOOP_ANALYSIS = YES;
				CLANG_WARN_STRICT_PROTOTYPES = YES;
				CLANG_WARN_SUSPICIOUS_MOVE = YES;
				CLANG_WARN_UNGUARDED_AVAILABILITY = YES_AGGRESSIVE;
				CLANG_WARN_UNREACHABLE_CODE = YES;
				CLANG_WARN__DUPLICATE_METHOD_MATCH = YES;
				COPY_PHASE_STRIP = NO;
				DEBUG_INFORMATION_FORMAT = dwarf;
				ENABLE_STRICT_OBJC_MSGSEND = YES;
				ENABLE_TESTABILITY = YES;
				GCC_C_LANGUAGE_STANDARD = gnu11;
				GCC_DYNAMIC_NO_PIC = NO;
				GCC_NO_COMMON_BLOCKS = YES;
				GCC_OPTIMIZATION_LEVEL = 0;
				GCC_PREPROCESSOR_DEFINITIONS = (
					"DEBUG=1",
					"$(inherited)",
				);
				GCC_WARN_64_TO_32_BIT_CONVERSION = YES;
				GCC_WARN_ABOUT_RETURN_TYPE = YES_ERROR;
				GCC_WARN_UNDECLARED_SELECTOR = YES;
				GCC_WARN_UNINITIALIZED_AUTOS = YES_AGGRESSIVE;
				GCC_WARN_UNUSED_FUNCTION = YES;
				GCC_WARN_UNUSED_VARIABLE = YES;
				IPHONEOS_DEPLOYMENT_TARGET = 16.0;
				MTL_ENABLE_DEBUG_INFO = INCLUDE_SOURCE;
				MTL_FAST_MATH = YES;
				ONLY_ACTIVE_ARCH = YES;
				SDKROOT = iphoneos;
				SWIFT_ACTIVE_COMPILATION_CONDITIONS = DEBUG;
				SWIFT_OPTIMIZATION_LEVEL = "-Onone";
			};
			name = Debug;
		};
		918A5A2C29FE4DA000937FE8 /* Release */ = {
			isa = XCBuildConfiguration;
			buildSettings = {
				ALWAYS_SEARCH_USER_PATHS = NO;
				CLANG_ANALYZER_NONNULL = YES;
				CLANG_ANALYZER_NUMBER_OBJECT_CONVERSION = YES_AGGRESSIVE;
				CLANG_CXX_LANGUAGE_STANDARD = "gnu++20";
				CLANG_ENABLE_MODULES = YES;
				CLANG_ENABLE_OBJC_ARC = YES;
				CLANG_ENABLE_OBJC_WEAK = YES;
				CLANG_WARN_BLOCK_CAPTURE_AUTORELEASING = YES;
				CLANG_WARN_BOOL_CONVERSION = YES;
				CLANG_WARN_COMMA = YES;
				CLANG_WARN_CONSTANT_CONVERSION = YES;
				CLANG_WARN_DEPRECATED_OBJC_IMPLEMENTATIONS = YES;
				CLANG_WARN_DIRECT_OBJC_ISA_USAGE = YES_ERROR;
				CLANG_WARN_DOCUMENTATION_COMMENTS = YES;
				CLANG_WARN_EMPTY_BODY = YES;
				CLANG_WARN_ENUM_CONVERSION = YES;
				CLANG_WARN_INFINITE_RECURSION = YES;
				CLANG_WARN_INT_CONVERSION = YES;
				CLANG_WARN_NON_LITERAL_NULL_CONVERSION = YES;
				CLANG_WARN_OBJC_IMPLICIT_RETAIN_SELF = YES;
				CLANG_WARN_OBJC_LITERAL_CONVERSION = YES;
				CLANG_WARN_OBJC_ROOT_CLASS = YES_ERROR;
				CLANG_WARN_QUOTED_INCLUDE_IN_FRAMEWORK_HEADER = YES;
				CLANG_WARN_RANGE_LOOP_ANALYSIS = YES;
				CLANG_WARN_STRICT_PROTOTYPES = YES;
				CLANG_WARN_SUSPICIOUS_MOVE = YES;
				CLANG_WARN_UNGUARDED_AVAILABILITY = YES_AGGRESSIVE;
				CLANG_WARN_UNREACHABLE_CODE = YES;
				CLANG_WARN__DUPLICATE_METHOD_MATCH = YES;
				COPY_PHASE_STRIP = NO;
				DEBUG_INFORMATION_FORMAT = "dwarf-with-dsym";
				ENABLE_NS_ASSERTIONS = NO;
				ENABLE_STRICT_OBJC_MSGSEND = YES;
				GCC_C_LANGUAGE_STANDARD = gnu11;
				GCC_NO_COMMON_BLOCKS = YES;
				GCC_WARN_64_TO_32_BIT_CONVERSION = YES;
				GCC_WARN_ABOUT_RETURN_TYPE = YES_ERROR;
				GCC_WARN_UNDECLARED_SELECTOR = YES;
				GCC_WARN_UNINITIALIZED_AUTOS = YES_AGGRESSIVE;
				GCC_WARN_UNUSED_FUNCTION = YES;
				GCC_WARN_UNUSED_VARIABLE = YES;
				IPHONEOS_DEPLOYMENT_TARGET = 16.0;
				MTL_ENABLE_DEBUG_INFO = NO;
				MTL_FAST_MATH = YES;
				SDKROOT = iphoneos;
				SWIFT_COMPILATION_MODE = wholemodule;
				SWIFT_OPTIMIZATION_LEVEL = "-O";
				VALIDATE_PRODUCT = YES;
			};
			name = Release;
		};
		918A5A2E29FE4DA000937FE8 /* Debug */ = {
			isa = XCBuildConfiguration;
			buildSettings = {
				ASSETCATALOG_COMPILER_APPICON_NAME = AppIcon;
				ASSETCATALOG_COMPILER_GLOBAL_ACCENT_COLOR_NAME = AccentColor;
				ASSETCATALOG_COMPILER_INCLUDE_ALL_APPICON_ASSETS = NO;
				CODE_SIGN_STYLE = Automatic;
				CURRENT_PROJECT_VERSION = 1;
				DEVELOPMENT_ASSET_PATHS = "";
				DEVELOPMENT_TEAM = X8S7NK9ZBV;
				ENABLE_PREVIEWS = YES;
				GENERATE_INFOPLIST_FILE = YES;
				INFOPLIST_FILE = BookBench/Info.plist;
				INFOPLIST_KEY_CFBundleDisplayName = "Book Bench";
				INFOPLIST_KEY_LSApplicationCategoryType = "public.app-category.books";
				INFOPLIST_KEY_UIApplicationSceneManifest_Generation = YES;
				INFOPLIST_KEY_UIApplicationSupportsIndirectInputEvents = YES;
				INFOPLIST_KEY_UILaunchScreen_Generation = YES;
				INFOPLIST_KEY_UILaunchStoryboardName = LaunchScreenView;
				INFOPLIST_KEY_UISupportedInterfaceOrientations_iPad = "UIInterfaceOrientationPortrait UIInterfaceOrientationPortraitUpsideDown UIInterfaceOrientationLandscapeLeft UIInterfaceOrientationLandscapeRight";
				INFOPLIST_KEY_UISupportedInterfaceOrientations_iPhone = "UIInterfaceOrientationPortrait UIInterfaceOrientationLandscapeLeft UIInterfaceOrientationLandscapeRight";
				LD_RUNPATH_SEARCH_PATHS = (
					"$(inherited)",
					"@executable_path/Frameworks",
				);
				MARKETING_VERSION = 1.0;
				PRODUCT_BUNDLE_IDENTIFIER = com.mehdi.BookBench;
				PRODUCT_NAME = "$(TARGET_NAME)";
				SWIFT_EMIT_LOC_STRINGS = YES;
				SWIFT_VERSION = 5.0;
				TARGETED_DEVICE_FAMILY = "1,2";
			};
			name = Debug;
		};
		918A5A2F29FE4DA000937FE8 /* Release */ = {
			isa = XCBuildConfiguration;
			buildSettings = {
				ASSETCATALOG_COMPILER_APPICON_NAME = AppIcon;
				ASSETCATALOG_COMPILER_GLOBAL_ACCENT_COLOR_NAME = AccentColor;
				ASSETCATALOG_COMPILER_INCLUDE_ALL_APPICON_ASSETS = NO;
				CODE_SIGN_STYLE = Automatic;
				CURRENT_PROJECT_VERSION = 1;
				DEVELOPMENT_ASSET_PATHS = "";
				DEVELOPMENT_TEAM = X8S7NK9ZBV;
				ENABLE_PREVIEWS = YES;
				GENERATE_INFOPLIST_FILE = YES;
				INFOPLIST_FILE = BookBench/Info.plist;
				INFOPLIST_KEY_CFBundleDisplayName = "Book Bench";
				INFOPLIST_KEY_LSApplicationCategoryType = "public.app-category.books";
				INFOPLIST_KEY_UIApplicationSceneManifest_Generation = YES;
				INFOPLIST_KEY_UIApplicationSupportsIndirectInputEvents = YES;
				INFOPLIST_KEY_UILaunchScreen_Generation = YES;
				INFOPLIST_KEY_UILaunchStoryboardName = LaunchScreenView;
				INFOPLIST_KEY_UISupportedInterfaceOrientations_iPad = "UIInterfaceOrientationPortrait UIInterfaceOrientationPortraitUpsideDown UIInterfaceOrientationLandscapeLeft UIInterfaceOrientationLandscapeRight";
				INFOPLIST_KEY_UISupportedInterfaceOrientations_iPhone = "UIInterfaceOrientationPortrait UIInterfaceOrientationLandscapeLeft UIInterfaceOrientationLandscapeRight";
				LD_RUNPATH_SEARCH_PATHS = (
					"$(inherited)",
					"@executable_path/Frameworks",
				);
				MARKETING_VERSION = 1.0;
				PRODUCT_BUNDLE_IDENTIFIER = com.mehdi.BookBench;
				PRODUCT_NAME = "$(TARGET_NAME)";
				SWIFT_EMIT_LOC_STRINGS = YES;
				SWIFT_VERSION = 5.0;
				TARGETED_DEVICE_FAMILY = "1,2";
			};
			name = Release;
		};
/* End XCBuildConfiguration section */

/* Begin XCConfigurationList section */
		918A5A1A29FE4D9E00937FE8 /* Build configuration list for PBXProject "BookBench" */ = {
			isa = XCConfigurationList;
			buildConfigurations = (
				918A5A2B29FE4DA000937FE8 /* Debug */,
				918A5A2C29FE4DA000937FE8 /* Release */,
			);
			defaultConfigurationIsVisible = 0;
			defaultConfigurationName = Release;
		};
		918A5A2D29FE4DA000937FE8 /* Build configuration list for PBXNativeTarget "BookBench" */ = {
			isa = XCConfigurationList;
			buildConfigurations = (
				918A5A2E29FE4DA000937FE8 /* Debug */,
				918A5A2F29FE4DA000937FE8 /* Release */,
			);
			defaultConfigurationIsVisible = 0;
			defaultConfigurationName = Release;
		};
/* End XCConfigurationList section */

/* Begin XCRemoteSwiftPackageReference section */
		9100D30D2A02152200874CA5 /* XCRemoteSwiftPackageReference "lottie-ios" */ = {
			isa = XCRemoteSwiftPackageReference;
			repositoryURL = "https://github.com/airbnb/lottie-ios.git";
			requirement = {
				kind = upToNextMajorVersion;
				minimumVersion = 4.0.0;
			};
		};
		919ADF1D2A02086B00B50182 /* XCRemoteSwiftPackageReference "firebase-ios-sdk" */ = {
			isa = XCRemoteSwiftPackageReference;
			repositoryURL = "https://github.com/firebase/firebase-ios-sdk";
			requirement = {
				kind = upToNextMajorVersion;
				minimumVersion = 10.0.0;
			};
		};
/* End XCRemoteSwiftPackageReference section */

/* Begin XCSwiftPackageProductDependency section */
		9100D30E2A02152200874CA5 /* Lottie */ = {
			isa = XCSwiftPackageProductDependency;
			package = 9100D30D2A02152200874CA5 /* XCRemoteSwiftPackageReference "lottie-ios" */;
			productName = Lottie;
		};
		9108E5382A08FDCE0024B80D /* FirebaseFirestore */ = {
			isa = XCSwiftPackageProductDependency;
			package = 919ADF1D2A02086B00B50182 /* XCRemoteSwiftPackageReference "firebase-ios-sdk" */;
			productName = FirebaseFirestore;
		};
		919ADF1E2A02086B00B50182 /* FirebaseAuth */ = {
			isa = XCSwiftPackageProductDependency;
			package = 919ADF1D2A02086B00B50182 /* XCRemoteSwiftPackageReference "firebase-ios-sdk" */;
			productName = FirebaseAuth;
		};
/* End XCSwiftPackageProductDependency section */
	};
	rootObject = 918A5A1729FE4D9E00937FE8 /* Project object */;
}
